
Microsoft Visual Studio Solution File, Format Version 12.00
# Visual Studio Version 16
VisualStudioVersion = 16.0.31424.327
MinimumVisualStudioVersion = 10.0.40219.1
Project("{FAE04EC0-301F-11D3-BF4B-00C04F79EFBC}") = "JokesWebApp", "JokesWebApp.csproj", "{401BE68D-315A-40AC-95E4-D38D6BB94445}"
EndProject
Global
	GlobalSection(SolutionConfigurationPlatforms) = preSolution
		Debug|Any CPU = Debug|Any CPU
		Release|Any CPU = Release|Any CPU
	EndGlobalSection
	GlobalSection(ProjectConfigurationPlatforms) = postSolution
		{401BE68D-315A-40AC-95E4-D38D6BB94445}.Debug|Any CPU.ActiveCfg = Debug|Any CPU
		{401BE68D-315A-40AC-95E4-D38D6BB94445}.Debug|Any CPU.Build.0 = Debug|Any CPU
		{401BE68D-315A-40AC-95E4-D38D6BB94445}.Release|Any CPU.ActiveCfg = Release|Any CPU
		{401BE68D-315A-40AC-95E4-D38D6BB94445}.Release|Any CPU.Build.0 = Release|Any CPU
	EndGlobalSection
	GlobalSection(SolutionProperties) = preSolution
		HideSolutionNode = FALSE
	EndGlobalSection
	GlobalSection(ExtensibilityGlobals) = postSolution
		SolutionGuid = {0D046BD7-88FD-4048-A0E5-FB59B7922D8A}
	EndGlobalSection
EndGlobal
